
Microsoft Visual Studio Solution File, Format Version 12.00
# Visual Studio 14
VisualStudioVersion = 14.0.25420.1
MinimumVisualStudioVersion = 10.0.40219.1
Project("{FAE04EC0-301F-11D3-BF4B-00C04F79EFBC}") = "Caterpillar.GH", "Caterpillar.GH\Caterpillar.GH.csproj", "{2FF97349-4197-4BB0-9007-2464F26285B7}"
EndProject
Project("{FAE04EC0-301F-11D3-BF4B-00C04F79EFBC}") = "Caterpillar", "..\Caterpillar\Caterpillar\Caterpillar.csproj", "{1A4EC644-E4E6-4289-8E28-7F06AE800109}"
EndProject
Global
	GlobalSection(SolutionConfigurationPlatforms) = preSolution
		Debug|Any CPU = Debug|Any CPU
		Release|Any CPU = Release|Any CPU
	EndGlobalSection
	GlobalSection(ProjectConfigurationPlatforms) = postSolution
		{2FF97349-4197-4BB0-9007-2464F26285B7}.Debug|Any CPU.ActiveCfg = Debug|Any CPU
		{2FF97349-4197-4BB0-9007-2464F26285B7}.Debug|Any CPU.Build.0 = Debug|Any CPU
		{2FF97349-4197-4BB0-9007-2464F26285B7}.Release|Any CPU.ActiveCfg = Release|Any CPU
		{2FF97349-4197-4BB0-9007-2464F26285B7}.Release|Any CPU.Build.0 = Release|Any CPU
		{1A4EC644-E4E6-4289-8E28-7F06AE800109}.Debug|Any CPU.ActiveCfg = Debug|Any CPU
		{1A4EC644-E4E6-4289-8E28-7F06AE800109}.Debug|Any CPU.Build.0 = Debug|Any CPU
		{1A4EC644-E4E6-4289-8E28-7F06AE800109}.Release|Any CPU.ActiveCfg = Release|Any CPU
		{1A4EC644-E4E6-4289-8E28-7F06AE800109}.Release|Any CPU.Build.0 = Release|Any CPU
	EndGlobalSection
	GlobalSection(SolutionProperties) = preSolution
		HideSolutionNode = FALSE
	EndGlobalSection
EndGlobal
